// !$*UTF8*$!
{
	archiveVersion = 1;
	classes = {
	};
	objectVersion = 46;
	objects = {

/* Begin PBXBuildFile section */
		920B2973163367C200D2BF8E /* A4GDownload.m in Sources */ = {isa = PBXBuildFile; fileRef = 920B2972163367C200D2BF8E /* A4GDownload.m */; };
		920B29931633686300D2BF8E /* NSObject+SBJson.m in Sources */ = {isa = PBXBuildFile; fileRef = 920B297B1633686300D2BF8E /* NSObject+SBJson.m */; };
		920B29941633686300D2BF8E /* SBJsonParser.m in Sources */ = {isa = PBXBuildFile; fileRef = 920B297E1633686300D2BF8E /* SBJsonParser.m */; };
		920B29951633686300D2BF8E /* SBJsonStreamParser.m in Sources */ = {isa = PBXBuildFile; fileRef = 920B29801633686300D2BF8E /* SBJsonStreamParser.m */; };
		920B29961633686300D2BF8E /* SBJsonStreamParserAccumulator.m in Sources */ = {isa = PBXBuildFile; fileRef = 920B29821633686300D2BF8E /* SBJsonStreamParserAccumulator.m */; };
		920B29971633686300D2BF8E /* SBJsonStreamParserAdapter.m in Sources */ = {isa = PBXBuildFile; fileRef = 920B29841633686300D2BF8E /* SBJsonStreamParserAdapter.m */; };
		920B29981633686300D2BF8E /* SBJsonStreamParserState.m in Sources */ = {isa = PBXBuildFile; fileRef = 920B29861633686300D2BF8E /* SBJsonStreamParserState.m */; };
		920B29991633686300D2BF8E /* SBJsonStreamWriter.m in Sources */ = {isa = PBXBuildFile; fileRef = 920B29881633686300D2BF8E /* SBJsonStreamWriter.m */; };
		920B299A1633686300D2BF8E /* SBJsonStreamWriterAccumulator.m in Sources */ = {isa = PBXBuildFile; fileRef = 920B298A1633686300D2BF8E /* SBJsonStreamWriterAccumulator.m */; };
		920B299B1633686300D2BF8E /* SBJsonStreamWriterState.m in Sources */ = {isa = PBXBuildFile; fileRef = 920B298C1633686300D2BF8E /* SBJsonStreamWriterState.m */; };
		920B299C1633686300D2BF8E /* SBJsonTokeniser.m in Sources */ = {isa = PBXBuildFile; fileRef = 920B298E1633686300D2BF8E /* SBJsonTokeniser.m */; };
		920B299D1633686300D2BF8E /* SBJsonUTF8Stream.m in Sources */ = {isa = PBXBuildFile; fileRef = 920B29901633686300D2BF8E /* SBJsonUTF8Stream.m */; };
		920B299E1633686300D2BF8E /* SBJsonWriter.m in Sources */ = {isa = PBXBuildFile; fileRef = 920B29921633686300D2BF8E /* SBJsonWriter.m */; };
		920B29A51633693F00D2BF8E /* NSError+A4G.m in Sources */ = {isa = PBXBuildFile; fileRef = 920B29A01633693400D2BF8E /* NSError+A4G.m */; };
		920B29A61633694200D2BF8E /* NSObject+A4G.m in Sources */ = {isa = PBXBuildFile; fileRef = 920B29A21633693400D2BF8E /* NSObject+A4G.m */; };
		920B29A71633694500D2BF8E /* NSString+A4G.m in Sources */ = {isa = PBXBuildFile; fileRef = 920B29A41633693400D2BF8E /* NSString+A4G.m */; };
		920B29B0163370FF00D2BF8E /* A4GFacebookRSSParseOperation.m in Sources */ = {isa = PBXBuildFile; fileRef = 920B29AF163370FF00D2BF8E /* A4GFacebookRSSParseOperation.m */; };
		B5ABE588163335650063306E /* UIKit.framework in Frameworks */ = {isa = PBXBuildFile; fileRef = B5ABE587163335650063306E /* UIKit.framework */; };
		B5ABE58A163335650063306E /* Foundation.framework in Frameworks */ = {isa = PBXBuildFile; fileRef = B5ABE589163335650063306E /* Foundation.framework */; };
		B5ABE58C163335650063306E /* CoreGraphics.framework in Frameworks */ = {isa = PBXBuildFile; fileRef = B5ABE58B163335650063306E /* CoreGraphics.framework */; };
		B5ABE592163335660063306E /* InfoPlist.strings in Resources */ = {isa = PBXBuildFile; fileRef = B5ABE590163335660063306E /* InfoPlist.strings */; };
		B5ABE594163335660063306E /* main.m in Sources */ = {isa = PBXBuildFile; fileRef = B5ABE593163335660063306E /* main.m */; };
		B5ABE598163335660063306E /* SDAppDelegate.m in Sources */ = {isa = PBXBuildFile; fileRef = B5ABE597163335660063306E /* SDAppDelegate.m */; };
		B5ABE59A163335660063306E /* Default.png in Resources */ = {isa = PBXBuildFile; fileRef = B5ABE599163335660063306E /* Default.png */; };
		B5ABE59C163335660063306E /* Default@2x.png in Resources */ = {isa = PBXBuildFile; fileRef = B5ABE59B163335660063306E /* Default@2x.png */; };
		B5ABE59E163335660063306E /* Default-568h@2x.png in Resources */ = {isa = PBXBuildFile; fileRef = B5ABE59D163335660063306E /* Default-568h@2x.png */; };
		B5ABE5A1163335660063306E /* SDViewController.m in Sources */ = {isa = PBXBuildFile; fileRef = B5ABE5A0163335660063306E /* SDViewController.m */; };
		B5ABE5BB16333ACE0063306E /* A4GSettings.m in Sources */ = {isa = PBXBuildFile; fileRef = B5ABE5BA16333ACE0063306E /* A4GSettings.m */; };
		B5ABE5C016333B3D0063306E /* UIColor+A4G.m in Sources */ = {isa = PBXBuildFile; fileRef = B5ABE5BF16333B3D0063306E /* UIColor+A4G.m */; };
		B5ABE5C616333F130063306E /* SDViewController.xib in Resources */ = {isa = PBXBuildFile; fileRef = B5ABE5C516333F130063306E /* SDViewController.xib */; };
		B5ABE5CB163348CF0063306E /* A4GMediaObject.m in Sources */ = {isa = PBXBuildFile; fileRef = B5ABE5CA163348CF0063306E /* A4GMediaObject.m */; };
		B5ABE5E2163353790063306E /* A4GHomeScreenCell.m in Sources */ = {isa = PBXBuildFile; fileRef = B5ABE5E1163353790063306E /* A4GHomeScreenCell.m */; };
		B5ABE5E4163355130063306E /* A4GHomeScreenCell.xib in Resources */ = {isa = PBXBuildFile; fileRef = B5ABE5E3163355130063306E /* A4GHomeScreenCell.xib */; };
		B5ABE5F4163379EE0063306E /* A4GFeedTableViewController.m in Sources */ = {isa = PBXBuildFile; fileRef = B5ABE5F3163379EE0063306E /* A4GFeedTableViewController.m */; };
		B5ABE5F816337CC30063306E /* A4GFacebookPageViewController.m in Sources */ = {isa = PBXBuildFile; fileRef = B5ABE5F716337CC30063306E /* A4GFacebookPageViewController.m */; };
/* End PBXBuildFile section */

/* Begin PBXFileReference section */
		920B2971163367C200D2BF8E /* A4GDownload.h */ = {isa = PBXFileReference; fileEncoding = 4; lastKnownFileType = sourcecode.c.h; path = A4GDownload.h; sourceTree = "<group>"; };
		920B2972163367C200D2BF8E /* A4GDownload.m */ = {isa = PBXFileReference; fileEncoding = 4; lastKnownFileType = sourcecode.c.objc; path = A4GDownload.m; sourceTree = "<group>"; };
		920B297A1633686300D2BF8E /* NSObject+SBJson.h */ = {isa = PBXFileReference; fileEncoding = 4; lastKnownFileType = sourcecode.c.h; path = "NSObject+SBJson.h"; sourceTree = "<group>"; };
		920B297B1633686300D2BF8E /* NSObject+SBJson.m */ = {isa = PBXFileReference; fileEncoding = 4; lastKnownFileType = sourcecode.c.objc; path = "NSObject+SBJson.m"; sourceTree = "<group>"; };
		920B297C1633686300D2BF8E /* SBJson.h */ = {isa = PBXFileReference; fileEncoding = 4; lastKnownFileType = sourcecode.c.h; path = SBJson.h; sourceTree = "<group>"; };
		920B297D1633686300D2BF8E /* SBJsonParser.h */ = {isa = PBXFileReference; fileEncoding = 4; lastKnownFileType = sourcecode.c.h; path = SBJsonParser.h; sourceTree = "<group>"; };
		920B297E1633686300D2BF8E /* SBJsonParser.m */ = {isa = PBXFileReference; fileEncoding = 4; lastKnownFileType = sourcecode.c.objc; path = SBJsonParser.m; sourceTree = "<group>"; };
		920B297F1633686300D2BF8E /* SBJsonStreamParser.h */ = {isa = PBXFileReference; fileEncoding = 4; lastKnownFileType = sourcecode.c.h; path = SBJsonStreamParser.h; sourceTree = "<group>"; };
		920B29801633686300D2BF8E /* SBJsonStreamParser.m */ = {isa = PBXFileReference; fileEncoding = 4; lastKnownFileType = sourcecode.c.objc; path = SBJsonStreamParser.m; sourceTree = "<group>"; };
		920B29811633686300D2BF8E /* SBJsonStreamParserAccumulator.h */ = {isa = PBXFileReference; fileEncoding = 4; lastKnownFileType = sourcecode.c.h; path = SBJsonStreamParserAccumulator.h; sourceTree = "<group>"; };
		920B29821633686300D2BF8E /* SBJsonStreamParserAccumulator.m */ = {isa = PBXFileReference; fileEncoding = 4; lastKnownFileType = sourcecode.c.objc; path = SBJsonStreamParserAccumulator.m; sourceTree = "<group>"; };
		920B29831633686300D2BF8E /* SBJsonStreamParserAdapter.h */ = {isa = PBXFileReference; fileEncoding = 4; lastKnownFileType = sourcecode.c.h; path = SBJsonStreamParserAdapter.h; sourceTree = "<group>"; };
		920B29841633686300D2BF8E /* SBJsonStreamParserAdapter.m */ = {isa = PBXFileReference; fileEncoding = 4; lastKnownFileType = sourcecode.c.objc; path = SBJsonStreamParserAdapter.m; sourceTree = "<group>"; };
		920B29851633686300D2BF8E /* SBJsonStreamParserState.h */ = {isa = PBXFileReference; fileEncoding = 4; lastKnownFileType = sourcecode.c.h; path = SBJsonStreamParserState.h; sourceTree = "<group>"; };
		920B29861633686300D2BF8E /* SBJsonStreamParserState.m */ = {isa = PBXFileReference; fileEncoding = 4; lastKnownFileType = sourcecode.c.objc; path = SBJsonStreamParserState.m; sourceTree = "<group>"; };
		920B29871633686300D2BF8E /* SBJsonStreamWriter.h */ = {isa = PBXFileReference; fileEncoding = 4; lastKnownFileType = sourcecode.c.h; path = SBJsonStreamWriter.h; sourceTree = "<group>"; };
		920B29881633686300D2BF8E /* SBJsonStreamWriter.m */ = {isa = PBXFileReference; fileEncoding = 4; lastKnownFileType = sourcecode.c.objc; path = SBJsonStreamWriter.m; sourceTree = "<group>"; };
		920B29891633686300D2BF8E /* SBJsonStreamWriterAccumulator.h */ = {isa = PBXFileReference; fileEncoding = 4; lastKnownFileType = sourcecode.c.h; path = SBJsonStreamWriterAccumulator.h; sourceTree = "<group>"; };
		920B298A1633686300D2BF8E /* SBJsonStreamWriterAccumulator.m */ = {isa = PBXFileReference; fileEncoding = 4; lastKnownFileType = sourcecode.c.objc; path = SBJsonStreamWriterAccumulator.m; sourceTree = "<group>"; };
		920B298B1633686300D2BF8E /* SBJsonStreamWriterState.h */ = {isa = PBXFileReference; fileEncoding = 4; lastKnownFileType = sourcecode.c.h; path = SBJsonStreamWriterState.h; sourceTree = "<group>"; };
		920B298C1633686300D2BF8E /* SBJsonStreamWriterState.m */ = {isa = PBXFileReference; fileEncoding = 4; lastKnownFileType = sourcecode.c.objc; path = SBJsonStreamWriterState.m; sourceTree = "<group>"; };
		920B298D1633686300D2BF8E /* SBJsonTokeniser.h */ = {isa = PBXFileReference; fileEncoding = 4; lastKnownFileType = sourcecode.c.h; path = SBJsonTokeniser.h; sourceTree = "<group>"; };
		920B298E1633686300D2BF8E /* SBJsonTokeniser.m */ = {isa = PBXFileReference; fileEncoding = 4; lastKnownFileType = sourcecode.c.objc; path = SBJsonTokeniser.m; sourceTree = "<group>"; };
		920B298F1633686300D2BF8E /* SBJsonUTF8Stream.h */ = {isa = PBXFileReference; fileEncoding = 4; lastKnownFileType = sourcecode.c.h; path = SBJsonUTF8Stream.h; sourceTree = "<group>"; };
		920B29901633686300D2BF8E /* SBJsonUTF8Stream.m */ = {isa = PBXFileReference; fileEncoding = 4; lastKnownFileType = sourcecode.c.objc; path = SBJsonUTF8Stream.m; sourceTree = "<group>"; };
		920B29911633686300D2BF8E /* SBJsonWriter.h */ = {isa = PBXFileReference; fileEncoding = 4; lastKnownFileType = sourcecode.c.h; path = SBJsonWriter.h; sourceTree = "<group>"; };
		920B29921633686300D2BF8E /* SBJsonWriter.m */ = {isa = PBXFileReference; fileEncoding = 4; lastKnownFileType = sourcecode.c.objc; path = SBJsonWriter.m; sourceTree = "<group>"; };
		920B299F1633693400D2BF8E /* NSError+A4G.h */ = {isa = PBXFileReference; lastKnownFileType = sourcecode.c.h; path = "NSError+A4G.h"; sourceTree = "<group>"; };
		920B29A01633693400D2BF8E /* NSError+A4G.m */ = {isa = PBXFileReference; lastKnownFileType = sourcecode.c.objc; path = "NSError+A4G.m"; sourceTree = "<group>"; };
		920B29A11633693400D2BF8E /* NSObject+A4G.h */ = {isa = PBXFileReference; lastKnownFileType = sourcecode.c.h; path = "NSObject+A4G.h"; sourceTree = "<group>"; };
		920B29A21633693400D2BF8E /* NSObject+A4G.m */ = {isa = PBXFileReference; lastKnownFileType = sourcecode.c.objc; path = "NSObject+A4G.m"; sourceTree = "<group>"; };
		920B29A31633693400D2BF8E /* NSString+A4G.h */ = {isa = PBXFileReference; lastKnownFileType = sourcecode.c.h; path = "NSString+A4G.h"; sourceTree = "<group>"; };
		920B29A41633693400D2BF8E /* NSString+A4G.m */ = {isa = PBXFileReference; lastKnownFileType = sourcecode.c.objc; path = "NSString+A4G.m"; sourceTree = "<group>"; };
		920B29AE163370FF00D2BF8E /* A4GFacebookRSSParseOperation.h */ = {isa = PBXFileReference; fileEncoding = 4; lastKnownFileType = sourcecode.c.h; path = A4GFacebookRSSParseOperation.h; sourceTree = "<group>"; };
		920B29AF163370FF00D2BF8E /* A4GFacebookRSSParseOperation.m */ = {isa = PBXFileReference; fileEncoding = 4; lastKnownFileType = sourcecode.c.objc; path = A4GFacebookRSSParseOperation.m; sourceTree = "<group>"; };
		B5ABE583163335650063306E /* SocialDashboard.app */ = {isa = PBXFileReference; explicitFileType = wrapper.application; includeInIndex = 0; path = SocialDashboard.app; sourceTree = BUILT_PRODUCTS_DIR; };
		B5ABE587163335650063306E /* UIKit.framework */ = {isa = PBXFileReference; lastKnownFileType = wrapper.framework; name = UIKit.framework; path = System/Library/Frameworks/UIKit.framework; sourceTree = SDKROOT; };
		B5ABE589163335650063306E /* Foundation.framework */ = {isa = PBXFileReference; lastKnownFileType = wrapper.framework; name = Foundation.framework; path = System/Library/Frameworks/Foundation.framework; sourceTree = SDKROOT; };
		B5ABE58B163335650063306E /* CoreGraphics.framework */ = {isa = PBXFileReference; lastKnownFileType = wrapper.framework; name = CoreGraphics.framework; path = System/Library/Frameworks/CoreGraphics.framework; sourceTree = SDKROOT; };
		B5ABE58F163335660063306E /* SocialDashboard-Info.plist */ = {isa = PBXFileReference; lastKnownFileType = text.plist.xml; path = "SocialDashboard-Info.plist"; sourceTree = "<group>"; };
		B5ABE591163335660063306E /* en */ = {isa = PBXFileReference; lastKnownFileType = text.plist.strings; name = en; path = en.lproj/InfoPlist.strings; sourceTree = "<group>"; };
		B5ABE593163335660063306E /* main.m */ = {isa = PBXFileReference; lastKnownFileType = sourcecode.c.objc; path = main.m; sourceTree = "<group>"; };
		B5ABE595163335660063306E /* SocialDashboard-Prefix.pch */ = {isa = PBXFileReference; lastKnownFileType = sourcecode.c.h; path = "SocialDashboard-Prefix.pch"; sourceTree = "<group>"; };
		B5ABE596163335660063306E /* SDAppDelegate.h */ = {isa = PBXFileReference; lastKnownFileType = sourcecode.c.h; path = SDAppDelegate.h; sourceTree = "<group>"; };
		B5ABE597163335660063306E /* SDAppDelegate.m */ = {isa = PBXFileReference; lastKnownFileType = sourcecode.c.objc; path = SDAppDelegate.m; sourceTree = "<group>"; };
		B5ABE599163335660063306E /* Default.png */ = {isa = PBXFileReference; lastKnownFileType = image.png; path = Default.png; sourceTree = "<group>"; };
		B5ABE59B163335660063306E /* Default@2x.png */ = {isa = PBXFileReference; lastKnownFileType = image.png; path = "Default@2x.png"; sourceTree = "<group>"; };
		B5ABE59D163335660063306E /* Default-568h@2x.png */ = {isa = PBXFileReference; lastKnownFileType = image.png; path = "Default-568h@2x.png"; sourceTree = "<group>"; };
		B5ABE59F163335660063306E /* SDViewController.h */ = {isa = PBXFileReference; lastKnownFileType = sourcecode.c.h; path = SDViewController.h; sourceTree = "<group>"; };
		B5ABE5A0163335660063306E /* SDViewController.m */ = {isa = PBXFileReference; lastKnownFileType = sourcecode.c.objc; path = SDViewController.m; sourceTree = "<group>"; };
		B5ABE5B916333ACE0063306E /* A4GSettings.h */ = {isa = PBXFileReference; fileEncoding = 4; lastKnownFileType = sourcecode.c.h; path = A4GSettings.h; sourceTree = "<group>"; };
		B5ABE5BA16333ACE0063306E /* A4GSettings.m */ = {isa = PBXFileReference; fileEncoding = 4; lastKnownFileType = sourcecode.c.objc; path = A4GSettings.m; sourceTree = "<group>"; };
		B5ABE5BE16333B3D0063306E /* UIColor+A4G.h */ = {isa = PBXFileReference; fileEncoding = 4; lastKnownFileType = sourcecode.c.h; path = "UIColor+A4G.h"; sourceTree = "<group>"; };
		B5ABE5BF16333B3D0063306E /* UIColor+A4G.m */ = {isa = PBXFileReference; fileEncoding = 4; lastKnownFileType = sourcecode.c.objc; path = "UIColor+A4G.m"; sourceTree = "<group>"; };
		B5ABE5C516333F130063306E /* SDViewController.xib */ = {isa = PBXFileReference; fileEncoding = 4; lastKnownFileType = file.xib; path = SDViewController.xib; sourceTree = "<group>"; };
		B5ABE5C7163343550063306E /* ApplicationConstants.h */ = {isa = PBXFileReference; lastKnownFileType = sourcecode.c.h; path = ApplicationConstants.h; sourceTree = "<group>"; };
		B5ABE5C9163348CF0063306E /* A4GMediaObject.h */ = {isa = PBXFileReference; fileEncoding = 4; lastKnownFileType = sourcecode.c.h; path = A4GMediaObject.h; sourceTree = "<group>"; };
		B5ABE5CA163348CF0063306E /* A4GMediaObject.m */ = {isa = PBXFileReference; fileEncoding = 4; lastKnownFileType = sourcecode.c.objc; path = A4GMediaObject.m; sourceTree = "<group>"; };
		B5ABE5E0163353790063306E /* A4GHomeScreenCell.h */ = {isa = PBXFileReference; fileEncoding = 4; lastKnownFileType = sourcecode.c.h; path = A4GHomeScreenCell.h; sourceTree = "<group>"; };
		B5ABE5E1163353790063306E /* A4GHomeScreenCell.m */ = {isa = PBXFileReference; fileEncoding = 4; lastKnownFileType = sourcecode.c.objc; path = A4GHomeScreenCell.m; sourceTree = "<group>"; };
		B5ABE5E3163355130063306E /* A4GHomeScreenCell.xib */ = {isa = PBXFileReference; fileEncoding = 4; lastKnownFileType = file.xib; path = A4GHomeScreenCell.xib; sourceTree = "<group>"; };
		B5ABE5F2163379EE0063306E /* A4GFeedTableViewController.h */ = {isa = PBXFileReference; fileEncoding = 4; lastKnownFileType = sourcecode.c.h; path = A4GFeedTableViewController.h; sourceTree = "<group>"; };
		B5ABE5F3163379EE0063306E /* A4GFeedTableViewController.m */ = {isa = PBXFileReference; fileEncoding = 4; lastKnownFileType = sourcecode.c.objc; path = A4GFeedTableViewController.m; sourceTree = "<group>"; };
		B5ABE5F616337CC30063306E /* A4GFacebookPageViewController.h */ = {isa = PBXFileReference; fileEncoding = 4; lastKnownFileType = sourcecode.c.h; path = A4GFacebookPageViewController.h; sourceTree = "<group>"; };
		B5ABE5F716337CC30063306E /* A4GFacebookPageViewController.m */ = {isa = PBXFileReference; fileEncoding = 4; lastKnownFileType = sourcecode.c.objc; path = A4GFacebookPageViewController.m; sourceTree = "<group>"; };
/* End PBXFileReference section */

/* Begin PBXFrameworksBuildPhase section */
		B5ABE580163335650063306E /* Frameworks */ = {
			isa = PBXFrameworksBuildPhase;
			buildActionMask = 2147483647;
			files = (
				B5ABE588163335650063306E /* UIKit.framework in Frameworks */,
				B5ABE58A163335650063306E /* Foundation.framework in Frameworks */,
				B5ABE58C163335650063306E /* CoreGraphics.framework in Frameworks */,
			);
			runOnlyForDeploymentPostprocessing = 0;
		};
/* End PBXFrameworksBuildPhase section */

/* Begin PBXGroup section */
		920B2970163367C200D2BF8E /* Utilities */ = {
			isa = PBXGroup;
			children = (
				920B29791633686300D2BF8E /* JSON */,
				920B2971163367C200D2BF8E /* A4GDownload.h */,
				920B2972163367C200D2BF8E /* A4GDownload.m */,
				920B29AE163370FF00D2BF8E /* A4GFacebookRSSParseOperation.h */,
				920B29AF163370FF00D2BF8E /* A4GFacebookRSSParseOperation.m */,
			);
			path = Utilities;
			sourceTree = "<group>";
		};
		920B29791633686300D2BF8E /* JSON */ = {
			isa = PBXGroup;
			children = (
				920B297A1633686300D2BF8E /* NSObject+SBJson.h */,
				920B297B1633686300D2BF8E /* NSObject+SBJson.m */,
				920B297C1633686300D2BF8E /* SBJson.h */,
				920B297D1633686300D2BF8E /* SBJsonParser.h */,
				920B297E1633686300D2BF8E /* SBJsonParser.m */,
				920B297F1633686300D2BF8E /* SBJsonStreamParser.h */,
				920B29801633686300D2BF8E /* SBJsonStreamParser.m */,
				920B29811633686300D2BF8E /* SBJsonStreamParserAccumulator.h */,
				920B29821633686300D2BF8E /* SBJsonStreamParserAccumulator.m */,
				920B29831633686300D2BF8E /* SBJsonStreamParserAdapter.h */,
				920B29841633686300D2BF8E /* SBJsonStreamParserAdapter.m */,
				920B29851633686300D2BF8E /* SBJsonStreamParserState.h */,
				920B29861633686300D2BF8E /* SBJsonStreamParserState.m */,
				920B29871633686300D2BF8E /* SBJsonStreamWriter.h */,
				920B29881633686300D2BF8E /* SBJsonStreamWriter.m */,
				920B29891633686300D2BF8E /* SBJsonStreamWriterAccumulator.h */,
				920B298A1633686300D2BF8E /* SBJsonStreamWriterAccumulator.m */,
				920B298B1633686300D2BF8E /* SBJsonStreamWriterState.h */,
				920B298C1633686300D2BF8E /* SBJsonStreamWriterState.m */,
				920B298D1633686300D2BF8E /* SBJsonTokeniser.h */,
				920B298E1633686300D2BF8E /* SBJsonTokeniser.m */,
				920B298F1633686300D2BF8E /* SBJsonUTF8Stream.h */,
				920B29901633686300D2BF8E /* SBJsonUTF8Stream.m */,
				920B29911633686300D2BF8E /* SBJsonWriter.h */,
				920B29921633686300D2BF8E /* SBJsonWriter.m */,
			);
			path = JSON;
			sourceTree = "<group>";
		};
		B5ABE578163335650063306E = {
			isa = PBXGroup;
			children = (
				B5ABE58D163335650063306E /* SocialDashboard */,
				B5ABE586163335650063306E /* Frameworks */,
				B5ABE584163335650063306E /* Products */,
			);
			sourceTree = "<group>";
		};
		B5ABE584163335650063306E /* Products */ = {
			isa = PBXGroup;
			children = (
				B5ABE583163335650063306E /* SocialDashboard.app */,
			);
			name = Products;
			sourceTree = "<group>";
		};
		B5ABE586163335650063306E /* Frameworks */ = {
			isa = PBXGroup;
			children = (
				B5ABE587163335650063306E /* UIKit.framework */,
				B5ABE589163335650063306E /* Foundation.framework */,
				B5ABE58B163335650063306E /* CoreGraphics.framework */,
			);
			name = Frameworks;
			sourceTree = "<group>";
		};
		B5ABE58D163335650063306E /* SocialDashboard */ = {
			isa = PBXGroup;
			children = (
				920B2970163367C200D2BF8E /* Utilities */,
				B5ABE5BD16333B3D0063306E /* Categories */,
				B5ABE5B816333ACE0063306E /* Models */,
				B5ABE5C116333DB50063306E /* Classes */,
				B5ABE5C216333E540063306E /* Resources */,
				B5ABE58E163335660063306E /* Supporting Files */,
			);
			path = SocialDashboard;
			sourceTree = "<group>";
		};
		B5ABE58E163335660063306E /* Supporting Files */ = {
			isa = PBXGroup;
			children = (
				B5ABE58F163335660063306E /* SocialDashboard-Info.plist */,
				B5ABE590163335660063306E /* InfoPlist.strings */,
				B5ABE593163335660063306E /* main.m */,
				B5ABE595163335660063306E /* SocialDashboard-Prefix.pch */,
				B5ABE5C7163343550063306E /* ApplicationConstants.h */,
			);
			name = "Supporting Files";
			sourceTree = "<group>";
		};
		B5ABE5B816333ACE0063306E /* Models */ = {
			isa = PBXGroup;
			children = (
				B5ABE5B916333ACE0063306E /* A4GSettings.h */,
				B5ABE5BA16333ACE0063306E /* A4GSettings.m */,
				B5ABE5C9163348CF0063306E /* A4GMediaObject.h */,
				B5ABE5CA163348CF0063306E /* A4GMediaObject.m */,
			);
			path = Models;
			sourceTree = "<group>";
		};
		B5ABE5BD16333B3D0063306E /* Categories */ = {
			isa = PBXGroup;
			children = (
				920B299F1633693400D2BF8E /* NSError+A4G.h */,
				920B29A01633693400D2BF8E /* NSError+A4G.m */,
				920B29A11633693400D2BF8E /* NSObject+A4G.h */,
				920B29A21633693400D2BF8E /* NSObject+A4G.m */,
				920B29A31633693400D2BF8E /* NSString+A4G.h */,
				920B29A41633693400D2BF8E /* NSString+A4G.m */,
				B5ABE5BE16333B3D0063306E /* UIColor+A4G.h */,
				B5ABE5BF16333B3D0063306E /* UIColor+A4G.m */,
			);
			path = Categories;
			sourceTree = "<group>";
		};
		B5ABE5C116333DB50063306E /* Classes */ = {
			isa = PBXGroup;
			children = (
				B5ABE596163335660063306E /* SDAppDelegate.h */,
				B5ABE597163335660063306E /* SDAppDelegate.m */,
				B5ABE59F163335660063306E /* SDViewController.h */,
				B5ABE5A0163335660063306E /* SDViewController.m */,
				B5ABE5E0163353790063306E /* A4GHomeScreenCell.h */,
				B5ABE5E1163353790063306E /* A4GHomeScreenCell.m */,
				B5ABE5F2163379EE0063306E /* A4GFeedTableViewController.h */,
				B5ABE5F3163379EE0063306E /* A4GFeedTableViewController.m */,
				B5ABE5F616337CC30063306E /* A4GFacebookPageViewController.h */,
				B5ABE5F716337CC30063306E /* A4GFacebookPageViewController.m */,
			);
			path = Classes;
			sourceTree = "<group>";
		};
		B5ABE5C216333E540063306E /* Resources */ = {
			isa = PBXGroup;
			children = (
				B5ABE5C316333E540063306E /* Images */,
				B5ABE5C416333E540063306E /* NIBS */,
			);
			path = Resources;
			sourceTree = "<group>";
		};
		B5ABE5C316333E540063306E /* Images */ = {
			isa = PBXGroup;
			children = (
				B5ABE5C8163345A30063306E /* Icons */,
				B5ABE599163335660063306E /* Default.png */,
				B5ABE59B163335660063306E /* Default@2x.png */,
				B5ABE59D163335660063306E /* Default-568h@2x.png */,
			);
			path = Images;
			sourceTree = "<group>";
		};
		B5ABE5C416333E540063306E /* NIBS */ = {
			isa = PBXGroup;
			children = (
				B5ABE5C516333F130063306E /* SDViewController.xib */,
				B5ABE5E3163355130063306E /* A4GHomeScreenCell.xib */,
			);
			path = NIBS;
			sourceTree = "<group>";
		};
		B5ABE5C8163345A30063306E /* Icons */ = {
			isa = PBXGroup;
			children = (
			);
			path = Icons;
			sourceTree = "<group>";
		};
/* End PBXGroup section */

/* Begin PBXNativeTarget section */
		B5ABE582163335650063306E /* SocialDashboard */ = {
			isa = PBXNativeTarget;
			buildConfigurationList = B5ABE5A7163335660063306E /* Build configuration list for PBXNativeTarget "SocialDashboard" */;
			buildPhases = (
				B5ABE57F163335650063306E /* Sources */,
				B5ABE580163335650063306E /* Frameworks */,
				B5ABE581163335650063306E /* Resources */,
			);
			buildRules = (
			);
			dependencies = (
			);
			name = SocialDashboard;
			productName = SocialDashboard;
			productReference = B5ABE583163335650063306E /* SocialDashboard.app */;
			productType = "com.apple.product-type.application";
		};
/* End PBXNativeTarget section */

/* Begin PBXProject section */
		B5ABE57A163335650063306E /* Project object */ = {
			isa = PBXProject;
			attributes = {
				CLASSPREFIX = A4G;
				LastUpgradeCheck = 0450;
				ORGANIZATIONNAME = Apps4Good;
			};
			buildConfigurationList = B5ABE57D163335650063306E /* Build configuration list for PBXProject "SocialDashboard" */;
			compatibilityVersion = "Xcode 3.2";
			developmentRegion = English;
			hasScannedForEncodings = 0;
			knownRegions = (
				en,
			);
			mainGroup = B5ABE578163335650063306E;
			productRefGroup = B5ABE584163335650063306E /* Products */;
			projectDirPath = "";
			projectRoot = "";
			targets = (
				B5ABE582163335650063306E /* SocialDashboard */,
			);
		};
/* End PBXProject section */

/* Begin PBXResourcesBuildPhase section */
		B5ABE581163335650063306E /* Resources */ = {
			isa = PBXResourcesBuildPhase;
			buildActionMask = 2147483647;
			files = (
				B5ABE592163335660063306E /* InfoPlist.strings in Resources */,
				B5ABE59A163335660063306E /* Default.png in Resources */,
				B5ABE59C163335660063306E /* Default@2x.png in Resources */,
				B5ABE59E163335660063306E /* Default-568h@2x.png in Resources */,
				B5ABE5C616333F130063306E /* SDViewController.xib in Resources */,
				B5ABE5E4163355130063306E /* A4GHomeScreenCell.xib in Resources */,
			);
			runOnlyForDeploymentPostprocessing = 0;
		};
/* End PBXResourcesBuildPhase section */

/* Begin PBXSourcesBuildPhase section */
		B5ABE57F163335650063306E /* Sources */ = {
			isa = PBXSourcesBuildPhase;
			buildActionMask = 2147483647;
			files = (
				B5ABE594163335660063306E /* main.m in Sources */,
				B5ABE598163335660063306E /* SDAppDelegate.m in Sources */,
				B5ABE5A1163335660063306E /* SDViewController.m in Sources */,
				B5ABE5BB16333ACE0063306E /* A4GSettings.m in Sources */,
				B5ABE5C016333B3D0063306E /* UIColor+A4G.m in Sources */,
				B5ABE5CB163348CF0063306E /* A4GMediaObject.m in Sources */,
				B5ABE5E2163353790063306E /* A4GHomeScreenCell.m in Sources */,
				920B2973163367C200D2BF8E /* A4GDownload.m in Sources */,
				920B29931633686300D2BF8E /* NSObject+SBJson.m in Sources */,
				920B29941633686300D2BF8E /* SBJsonParser.m in Sources */,
				920B29951633686300D2BF8E /* SBJsonStreamParser.m in Sources */,
				920B29961633686300D2BF8E /* SBJsonStreamParserAccumulator.m in Sources */,
				920B29971633686300D2BF8E /* SBJsonStreamParserAdapter.m in Sources */,
				920B29981633686300D2BF8E /* SBJsonStreamParserState.m in Sources */,
				920B29991633686300D2BF8E /* SBJsonStreamWriter.m in Sources */,
				920B299A1633686300D2BF8E /* SBJsonStreamWriterAccumulator.m in Sources */,
				920B299B1633686300D2BF8E /* SBJsonStreamWriterState.m in Sources */,
				920B299C1633686300D2BF8E /* SBJsonTokeniser.m in Sources */,
				920B299D1633686300D2BF8E /* SBJsonUTF8Stream.m in Sources */,
				920B299E1633686300D2BF8E /* SBJsonWriter.m in Sources */,
				920B29A51633693F00D2BF8E /* NSError+A4G.m in Sources */,
				920B29A61633694200D2BF8E /* NSObject+A4G.m in Sources */,
				920B29A71633694500D2BF8E /* NSString+A4G.m in Sources */,
				920B29B0163370FF00D2BF8E /* A4GFacebookRSSParseOperation.m in Sources */,
				B5ABE5F4163379EE0063306E /* A4GFeedTableViewController.m in Sources */,
				B5ABE5F816337CC30063306E /* A4GFacebookPageViewController.m in Sources */,
			);
			runOnlyForDeploymentPostprocessing = 0;
		};
/* End PBXSourcesBuildPhase section */

/* Begin PBXVariantGroup section */
		B5ABE590163335660063306E /* InfoPlist.strings */ = {
			isa = PBXVariantGroup;
			children = (
				B5ABE591163335660063306E /* en */,
			);
			name = InfoPlist.strings;
			sourceTree = "<group>";
		};
/* End PBXVariantGroup section */

/* Begin XCBuildConfiguration section */
		B5ABE5A5163335660063306E /* Debug */ = {
			isa = XCBuildConfiguration;
			buildSettings = {
				ALWAYS_SEARCH_USER_PATHS = NO;
				CLANG_CXX_LANGUAGE_STANDARD = "gnu++0x";
				CLANG_CXX_LIBRARY = "libc++";
				CLANG_ENABLE_OBJC_ARC = YES;
				CLANG_WARN_EMPTY_BODY = YES;
				CLANG_WARN__DUPLICATE_METHOD_MATCH = YES;
				"CODE_SIGN_IDENTITY[sdk=iphoneos*]" = "iPhone Developer";
				COPY_PHASE_STRIP = NO;
				GCC_C_LANGUAGE_STANDARD = gnu99;
				GCC_DYNAMIC_NO_PIC = NO;
				GCC_OPTIMIZATION_LEVEL = 0;
				GCC_PREPROCESSOR_DEFINITIONS = (
					"DEBUG=1",
					"$(inherited)",
				);
				GCC_SYMBOLS_PRIVATE_EXTERN = NO;
				GCC_WARN_ABOUT_RETURN_TYPE = YES;
				GCC_WARN_UNINITIALIZED_AUTOS = YES;
				GCC_WARN_UNUSED_VARIABLE = YES;
				IPHONEOS_DEPLOYMENT_TARGET = 5.0;
				ONLY_ACTIVE_ARCH = YES;
				SDKROOT = iphoneos;
			};
			name = Debug;
		};
		B5ABE5A6163335660063306E /* Release */ = {
			isa = XCBuildConfiguration;
			buildSettings = {
				ALWAYS_SEARCH_USER_PATHS = NO;
				CLANG_CXX_LANGUAGE_STANDARD = "gnu++0x";
				CLANG_CXX_LIBRARY = "libc++";
				CLANG_ENABLE_OBJC_ARC = YES;
				CLANG_WARN_EMPTY_BODY = YES;
				CLANG_WARN__DUPLICATE_METHOD_MATCH = YES;
				"CODE_SIGN_IDENTITY[sdk=iphoneos*]" = "iPhone Developer";
				COPY_PHASE_STRIP = YES;
				GCC_C_LANGUAGE_STANDARD = gnu99;
				GCC_WARN_ABOUT_RETURN_TYPE = YES;
				GCC_WARN_UNINITIALIZED_AUTOS = YES;
				GCC_WARN_UNUSED_VARIABLE = YES;
				IPHONEOS_DEPLOYMENT_TARGET = 5.0;
				OTHER_CFLAGS = "-DNS_BLOCK_ASSERTIONS=1";
				SDKROOT = iphoneos;
				VALIDATE_PRODUCT = YES;
			};
			name = Release;
		};
		B5ABE5A8163335660063306E /* Debug */ = {
			isa = XCBuildConfiguration;
			buildSettings = {
				GCC_PRECOMPILE_PREFIX_HEADER = YES;
				GCC_PREFIX_HEADER = "SocialDashboard/SocialDashboard-Prefix.pch";
				INFOPLIST_FILE = "SocialDashboard/SocialDashboard-Info.plist";
				IPHONEOS_DEPLOYMENT_TARGET = 5.0;
				PRODUCT_NAME = "$(TARGET_NAME)";
				WRAPPER_EXTENSION = app;
			};
			name = Debug;
		};
		B5ABE5A9163335660063306E /* Release */ = {
			isa = XCBuildConfiguration;
			buildSettings = {
				GCC_PRECOMPILE_PREFIX_HEADER = YES;
				GCC_PREFIX_HEADER = "SocialDashboard/SocialDashboard-Prefix.pch";
				INFOPLIST_FILE = "SocialDashboard/SocialDashboard-Info.plist";
				IPHONEOS_DEPLOYMENT_TARGET = 5.0;
				PRODUCT_NAME = "$(TARGET_NAME)";
				WRAPPER_EXTENSION = app;
			};
			name = Release;
		};
/* End XCBuildConfiguration section */

/* Begin XCConfigurationList section */
		B5ABE57D163335650063306E /* Build configuration list for PBXProject "SocialDashboard" */ = {
			isa = XCConfigurationList;
			buildConfigurations = (
				B5ABE5A5163335660063306E /* Debug */,
				B5ABE5A6163335660063306E /* Release */,
			);
			defaultConfigurationIsVisible = 0;
			defaultConfigurationName = Release;
		};
		B5ABE5A7163335660063306E /* Build configuration list for PBXNativeTarget "SocialDashboard" */ = {
			isa = XCConfigurationList;
			buildConfigurations = (
				B5ABE5A8163335660063306E /* Debug */,
				B5ABE5A9163335660063306E /* Release */,
			);
			defaultConfigurationIsVisible = 0;
			defaultConfigurationName = Release;
		};
/* End XCConfigurationList section */
	};
	rootObject = B5ABE57A163335650063306E /* Project object */;
}
